
Microsoft Visual Studio Solution File, Format Version 12.00
# Visual Studio Version 17
VisualStudioVersion = 17.2.32616.157
MinimumVisualStudioVersion = 10.0.40219.1
Project("{FAE04EC0-301F-11D3-BF4B-00C04F79EFBC}") = "CompanyATM", "CompanyATM.csproj", "{A0F137FB-47A9-4755-9C2F-F73DD1CF4700}"
EndProject
Project("{FAE04EC0-301F-11D3-BF4B-00C04F79EFBC}") = "LoggerService", "..\LoggerService\LoggerService.csproj", "{7E5AA2A9-6EAB-45AB-8D6E-E9519DB82C05}"
EndProject
Global
	GlobalSection(SolutionConfigurationPlatforms) = preSolution
		Debug|Any CPU = Debug|Any CPU
		Release|Any CPU = Release|Any CPU
	EndGlobalSection
	GlobalSection(ProjectConfigurationPlatforms) = postSolution
		{A0F137FB-47A9-4755-9C2F-F73DD1CF4700}.Debug|Any CPU.ActiveCfg = Debug|Any CPU
		{A0F137FB-47A9-4755-9C2F-F73DD1CF4700}.Debug|Any CPU.Build.0 = Debug|Any CPU
		{A0F137FB-47A9-4755-9C2F-F73DD1CF4700}.Release|Any CPU.ActiveCfg = Release|Any CPU
		{A0F137FB-47A9-4755-9C2F-F73DD1CF4700}.Release|Any CPU.Build.0 = Release|Any CPU
		{7E5AA2A9-6EAB-45AB-8D6E-E9519DB82C05}.Debug|Any CPU.ActiveCfg = Debug|Any CPU
		{7E5AA2A9-6EAB-45AB-8D6E-E9519DB82C05}.Debug|Any CPU.Build.0 = Debug|Any CPU
		{7E5AA2A9-6EAB-45AB-8D6E-E9519DB82C05}.Release|Any CPU.ActiveCfg = Release|Any CPU
		{7E5AA2A9-6EAB-45AB-8D6E-E9519DB82C05}.Release|Any CPU.Build.0 = Release|Any CPU
	EndGlobalSection
	GlobalSection(SolutionProperties) = preSolution
		HideSolutionNode = FALSE
	EndGlobalSection
	GlobalSection(ExtensibilityGlobals) = postSolution
		SolutionGuid = {C145C7FA-BFC9-45FC-BC47-7ACDE0B53D69}
	EndGlobalSection
EndGlobal
